{
  "name": "@beetlio/connect",
  "version": "0.1.0",
  "lockfileVersion": 3,
  "requires": true,
  "packages": {
    "": {
      "name": "@beetlio/connect",
      "version": "0.1.0",
      "license": "Apache-2.0",
      "dependencies": {
        "@inquirer/password": "^5.1.1",
        "@optique/core": "^1.2.0",
        "@optique/run": "^1.2.0",
        "@types/node": "^24.13.3",
        "env-paths": "^4.0.0",
        "esbuild": "^0.28.1",
        "oauth4webapi": "^3.8.6",
        "tar": "^7.5.22",
        "typescript": "^5.9.3",
        "zod": "^4.4.3"
      },
      "bin": {
        "beetl-connect": "dist/cli.js"
      },
      "devDependencies": {
        "prettier": "^3.9.6"
      },
      "engines": {
        "node": ">=24.2"
      }
    },
    "node_modules/@esbuild/aix-ppc64": {
      "version": "0.28.1",
      "resolved": "https://registry.npmjs.org/@esbuild/aix-ppc64/-/aix-ppc64-0.28.1.tgz",
      "integrity": "sha512-Svl7tq8k/08+p6CXPpRjQ1fKX+1odH/BQbb48fV6fj3CWHhsoIOoY87w1oHXm0qEpkIK3ZfVgp0hed3XBXzXMQ==",
      "cpu": [
        "ppc64"
      ],
      "license": "MIT",
      "optional": true,
      "os": [
        "aix"
      ],
      "engines": {
        "node": ">=18"
      }
    },
    "node_modules/@esbuild/android-arm": {
      "version": "0.28.1",
      "resolved": "https://registry.npmjs.org/@esbuild/android-arm/-/android-arm-0.28.1.tgz",
      "integrity": "sha512-0k2F129Xdio1TdJfzJ8sy1Q47vUD2NnwdhiAf7drUN1EBTfPf4hsFCtmMgu/6m8JSzsBrlmVjudMBQqOfG8usQ==",
      "cpu": [
        "arm"
      ],
      "license": "MIT",
      "optional": true,
      "os": [
        "android"
      ],
      "engines": {
        "node": ">=18"
      }
    },
    "node_modules/@esbuild/android-arm64": {
      "version": "0.28.1",
      "resolved": "https://registry.npmjs.org/@esbuild/android-arm64/-/android-arm64-0.28.1.tgz",
      "integrity": "sha512-34EGEbCIAgosYz6goLcopX6Mo7NyGv9tfwEM2/7Ce2VcVRk568iSvniGWcUXIy7wEDR1wzolcxcriFVrWYcwBg==",
      "cpu": [
        "arm64"
      ],
      "license": "MIT",
      "optional": true,
      "os": [
        "android"
      ],
      "engines": {
        "node": ">=18"
      }
    },
    "node_modules/@esbuild/android-x64": {
      "version": "0.28.1",
      "resolved": "https://registry.npmjs.org/@esbuild/android-x64/-/android-x64-0.28.1.tgz",
      "integrity": "sha512-dbwY7ltSMDWsRatcRpCnES4F+im88OCUgGZjy52shC7GqHRE/cYlxNbB4Z4UpJswpcc4Qxd2oE/ufM0p61IKng==",
      "cpu": [
        "x64"
      ],
      "license": "MIT",
      "optional": true,
      "os": [
        "android"
      ],
      "engines": {
        "node": ">=18"
      }
    },
    "node_modules/@esbuild/darwin-arm64": {
      "version": "0.28.1",
      "resolved": "https://registry.npmjs.org/@esbuild/darwin-arm64/-/darwin-arm64-0.28.1.tgz",
      "integrity": "sha512-TZbWkQY7kvTAXbXUT7uVACR5cMHsDiSz9z7ZKAX/RTq/WJEk3QyRr0wZpNhBDX+/0CtdqUIJlOiodQcta6tY3Q==",
      "cpu": [
        "arm64"
      ],
      "license": "MIT",
      "optional": true,
      "os": [
        "darwin"
      ],
      "engines": {
        "node": ">=18"
      }
    },
    "node_modules/@esbuild/darwin-x64": {
      "version": "0.28.1",
      "resolved": "https://registry.npmjs.org/@esbuild/darwin-x64/-/darwin-x64-0.28.1.tgz",
      "integrity": "sha512-zfdzgK9ACBNZLI/CyHTOx81SyNbM6YXn7rxSgX97VjyiPl9W1i4Ka4fgKECEoFCKGpvBj5qArWIGgQjOwkgskQ==",
      "cpu": [
        "x64"
      ],
      "license": "MIT",
      "optional": true,
      "os": [
        "darwin"
      ],
      "engines": {
        "node": ">=18"
      }
    },
    "node_modules/@esbuild/freebsd-arm64": {
      "version": "0.28.1",
      "resolved": "https://registry.npmjs.org/@esbuild/freebsd-arm64/-/freebsd-arm64-0.28.1.tgz",
      "integrity": "sha512-wG2EA8ENdEI0qhkSZMjfqrdY+ziCYCPMmtZjjIwOmXFjmyzEHn+UUxk5of+SYsjtfs3VpnlC7QLzSI5hY/rOAw==",
      "cpu": [
        "arm64"
      ],
      "license": "MIT",
      "optional": true,
      "os": [
        "freebsd"
      ],
      "engines": {
        "node": ">=18"
      }
    },
    "node_modules/@esbuild/freebsd-x64": {
      "version": "0.28.1",
      "resolved": "https://registry.npmjs.org/@esbuild/freebsd-x64/-/freebsd-x64-0.28.1.tgz",
      "integrity": "sha512-i7dZ9vQgnvSCzi/rYCXNgtF/U+eKZNJBzu3eTQbRgHnM7tNSizLOkRFAl3qzVc/Op/u5YkHHa4pf/3DOYHthLQ==",
      "cpu": [
        "x64"
      ],
      "license": "MIT",
      "optional": true,
      "os": [
        "freebsd"
      ],
      "engines": {
        "node": ">=18"
      }
    },
    "node_modules/@esbuild/linux-arm": {
      "version": "0.28.1",
      "resolved": "https://registry.npmjs.org/@esbuild/linux-arm/-/linux-arm-0.28.1.tgz",
      "integrity": "sha512-qVXBOHQS+d5Y722GwJzJUtOLlX7km3CraOaGormF1pDtPd2C/l1SHRPgjLunLGe51Sh5YYWKMFDyV4SxgMQYTQ==",
      "cpu": [
        "arm"
      ],
      "license": "MIT",
      "optional": true,
      "os": [
        "linux"
      ],
      "engines": {
        "node": ">=18"
      }
    },
    "node_modules/@esbuild/linux-arm64": {
      "version": "0.28.1",
      "resolved": "https://registry.npmjs.org/@esbuild/linux-arm64/-/linux-arm64-0.28.1.tgz",
      "integrity": "sha512-yHs+0uc8+nvEAfAfxrWQKK5peSNzBc4PegcMO0EJ2hT71uA7vB8Ihg2e77R2P7SG5uYjPbHlLLmve4LLLRCf0g==",
      "cpu": [
        "arm64"
      ],
      "license": "MIT",
      "optional": true,
      "os": [
        "linux"
      ],
      "engines": {
        "node": ">=18"
      }
    },
    "node_modules/@esbuild/linux-ia32": {
      "version": "0.28.1",
      "resolved": "https://registry.npmjs.org/@esbuild/linux-ia32/-/linux-ia32-0.28.1.tgz",
      "integrity": "sha512-d1z4ZuP0ajrfz/FhGT4vv278rX8KnPPJx8i5+AtK7TYbx9Le9F1hyzurZpkEyjkGa9dUGhQow4C1NmeGvqxN2w==",
      "cpu": [
        "ia32"
      ],
      "license": "MIT",
      "optional": true,
      "os": [
        "linux"
      ],
      "engines": {
        "node": ">=18"
      }
    },
    "node_modules/@esbuild/linux-loong64": {
      "version": "0.28.1",
      "resolved": "https://registry.npmjs.org/@esbuild/linux-loong64/-/linux-loong64-0.28.1.tgz",
      "integrity": "sha512-M5sRjUVZrkm1OAPR3dlOYzNmN+loZKGVi1VUQGrwuqLcbR6qeAz+famMhjASeH3YVKvZz+zT1jlh/keC3Rj/lg==",
      "cpu": [
        "loong64"
      ],
      "license": "MIT",
      "optional": true,
      "os": [
        "linux"
      ],
      "engines": {
        "node": ">=18"
      }
    },
    "node_modules/@esbuild/linux-mips64el": {
      "version": "0.28.1",
      "resolved": "https://registry.npmjs.org/@esbuild/linux-mips64el/-/linux-mips64el-0.28.1.tgz",
      "integrity": "sha512-mRObBZeHh2OxcBFPWE/FjylkRgZdYuiTR3vaTozquCGOH14iP9oN4x4Ge81CoIDYQrXmIxpFumJBu5MtZpnQJQ==",
      "cpu": [
        "mips64el"
      ],
      "license": "MIT",
      "optional": true,
      "os": [
        "linux"
      ],
      "engines": {
        "node": ">=18"
      }
    },
    "node_modules/@esbuild/linux-ppc64": {
      "version": "0.28.1",
      "resolved": "https://registry.npmjs.org/@esbuild/linux-ppc64/-/linux-ppc64-0.28.1.tgz",
      "integrity": "sha512-slScBsMAb3GFDcdrCgLwZtPYRoH2H/youv10QiZyRjmsP48fznoveWytSgCI/R0ZcUgpc0ZhIUEx6LHts8yrfQ==",
      "cpu": [
        "ppc64"
      ],
      "license": "MIT",
      "optional": true,
      "os": [
        "linux"
      ],
      "engines": {
        "node": ">=18"
      }
    },
    "node_modules/@esbuild/linux-riscv64": {
      "version": "0.28.1",
      "resolved": "https://registry.npmjs.org/@esbuild/linux-riscv64/-/linux-riscv64-0.28.1.tgz",
      "integrity": "sha512-kw0owk1o0GFETUJyW0jc0G4Yzs0BHZn0JDZ8JRT088vjJYX777BAs1fDGxAC+q831qOs2DTC96mNsG2opdfyyQ==",
      "cpu": [
        "riscv64"
      ],
      "license": "MIT",
      "optional": true,
      "os": [
        "linux"
      ],
      "engines": {
        "node": ">=18"
      }
    },
    "node_modules/@esbuild/linux-s390x": {
      "version": "0.28.1",
      "resolved": "https://registry.npmjs.org/@esbuild/linux-s390x/-/linux-s390x-0.28.1.tgz",
      "integrity": "sha512-/lAIjX8aYFRByhh6L5rYtPEDRqa9de/4V/juOXcta5frjvzXO4/sqEtyytse0g3zZFuWu5cDN0MkLz2qRDD2Ag==",
      "cpu": [
        "s390x"
      ],
      "license": "MIT",
      "optional": true,
      "os": [
        "linux"
      ],
      "engines": {
        "node": ">=18"
      }
    },
    "node_modules/@esbuild/linux-x64": {
      "version": "0.28.1",
      "resolved": "https://registry.npmjs.org/@esbuild/linux-x64/-/linux-x64-0.28.1.tgz",
      "integrity": "sha512-u/anNYF2mmVOEDwLtnQ1wOr3EZ9sTNGLWrsYGYwHWzGA3Si84IOkHXlbWTD1NB+9/1lcnweYKO54uhxZydNzfA==",
      "cpu": [
        "x64"
      ],
      "license": "MIT",
      "optional": true,
      "os": [
        "linux"
      ],
      "engines": {
        "node": ">=18"
      }
    },
    "node_modules/@esbuild/netbsd-arm64": {
      "version": "0.28.1",
      "resolved": "https://registry.npmjs.org/@esbuild/netbsd-arm64/-/netbsd-arm64-0.28.1.tgz",
      "integrity": "sha512-oks0DYbLwWMmaakTsCb+zL4E+aHRVLom9IJZOAthMQEPiQmydXHkziYEsGYRx0uNV/IjEKGAV941JzH02pflqw==",
      "cpu": [
        "arm64"
      ],
      "license": "MIT",
      "optional": true,
      "os": [
        "netbsd"
      ],
      "engines": {
        "node": ">=18"
      }
    },
    "node_modules/@esbuild/netbsd-x64": {
      "version": "0.28.1",
      "resolved": "https://registry.npmjs.org/@esbuild/netbsd-x64/-/netbsd-x64-0.28.1.tgz",
      "integrity": "sha512-aeL6lAnN89Hz43Mlh1G8ARasbuoYvSITDEx0tHh5b7jJnHcssqgjy9Yx430GDpmCa6OyrKoS0aNRjKundRizGg==",
      "cpu": [
        "x64"
      ],
      "license": "MIT",
      "optional": true,
      "os": [
        "netbsd"
      ],
      "engines": {
        "node": ">=18"
      }
    },
    "node_modules/@esbuild/openbsd-arm64": {
      "version": "0.28.1",
      "resolved": "https://registry.npmjs.org/@esbuild/openbsd-arm64/-/openbsd-arm64-0.28.1.tgz",
      "integrity": "sha512-MEFJe5C3R8pwXdZ5Y21oo6m7ePiS0d9pWucn99O/wvyJZChoIQKrQDxKrGeW8F5+T0okTHesAmDeiHDTIq0V/Q==",
      "cpu": [
        "arm64"
      ],
      "license": "MIT",
      "optional": true,
      "os": [
        "openbsd"
      ],
      "engines": {
        "node": ">=18"
      }
    },
    "node_modules/@esbuild/openbsd-x64": {
      "version": "0.28.1",
      "resolved": "https://registry.npmjs.org/@esbuild/openbsd-x64/-/openbsd-x64-0.28.1.tgz",
      "integrity": "sha512-i/ZLIOafE0Z8cI/XANJAixoJL/uRAoS2xOA3rb0xN+KK0K177cMAsQYkzHtBrtMXAKuAc7HGgcWiZ/sRC1Nxgw==",
      "cpu": [
        "x64"
      ],
      "license": "MIT",
      "optional": true,
      "os": [
        "openbsd"
      ],
      "engines": {
        "node": ">=18"
      }
    },
    "node_modules/@esbuild/openharmony-arm64": {
      "version": "0.28.1",
      "resolved": "https://registry.npmjs.org/@esbuild/openharmony-arm64/-/openharmony-arm64-0.28.1.tgz",
      "integrity": "sha512-ge+Z7EXFNt2BO1oAMsVpiQ8EwndV9i1xXerAeTIK7AtPs3bKFXQM7nlRxDSIUIMeueR1CNXxqztLzdNeReKBJg==",
      "cpu": [
        "arm64"
      ],
      "license": "MIT",
      "optional": true,
      "os": [
        "openharmony"
      ],
      "engines": {
        "node": ">=18"
      }
    },
    "node_modules/@esbuild/sunos-x64": {
      "version": "0.28.1",
      "resolved": "https://registry.npmjs.org/@esbuild/sunos-x64/-/sunos-x64-0.28.1.tgz",
      "integrity": "sha512-BEjgtECkL3vY+SaSQ6nzVfiALUeFxpawyp8Jmf5PtYhf1Ug40N1h/hxlhts+f1FvSvarEigdxS3BlSMI2PJLcQ==",
      "cpu": [
        "x64"
      ],
      "license": "MIT",
      "optional": true,
      "os": [
        "sunos"
      ],
      "engines": {
        "node": ">=18"
      }
    },
    "node_modules/@esbuild/win32-arm64": {
      "version": "0.28.1",
      "resolved": "https://registry.npmjs.org/@esbuild/win32-arm64/-/win32-arm64-0.28.1.tgz",
      "integrity": "sha512-lCv9eK/H6ZJWbE7bh2nw54CZ9M2nupBxJcTsdk/QQnWkdSjKGuxmmH8/GWrlT1eMmZfn4dGcCjRte397WqfQXA==",
      "cpu": [
        "arm64"
      ],
      "license": "MIT",
      "optional": true,
      "os": [
        "win32"
      ],
      "engines": {
        "node": ">=18"
      }
    },
    "node_modules/@esbuild/win32-ia32": {
      "version": "0.28.1",
      "resolved": "https://registry.npmjs.org/@esbuild/win32-ia32/-/win32-ia32-0.28.1.tgz",
      "integrity": "sha512-zvb/mB2bSCoJOpoCBgYKKpX6YM6mJBlBUVUtVj41DlZJVEB6/0CKlRYxP5wWl1C1ILiCoAU5wZZ4q1P3qeS6Eg==",
      "cpu": [
        "ia32"
      ],
      "license": "MIT",
      "optional": true,
      "os": [
        "win32"
      ],
      "engines": {
        "node": ">=18"
      }
    },
    "node_modules/@esbuild/win32-x64": {
      "version": "0.28.1",
      "resolved": "https://registry.npmjs.org/@esbuild/win32-x64/-/win32-x64-0.28.1.tgz",
      "integrity": "sha512-bm4Mowrv+GXMlpWX++EcXw/iLyd1o3+bJkC2DkWXYVvgZCqD/bSj9ctZeAMC3cIxgjRVR2Dufaiu4YPxr5gW1A==",
      "cpu": [
        "x64"
      ],
      "license": "MIT",
      "optional": true,
      "os": [
        "win32"
      ],
      "engines": {
        "node": ">=18"
      }
    },
    "node_modules/@inquirer/ansi": {
      "version": "2.0.7",
      "resolved": "https://registry.npmjs.org/@inquirer/ansi/-/ansi-2.0.7.tgz",
      "integrity": "sha512-3eTuUO1vH2cZm2ZKHeQxnOqlTi9EfZDGgIe3BL3I4u+rJHocr9Fz86M4fjYABPvFnQG/gGK551HqDiIcETwU6Q==",
      "license": "MIT",
      "engines": {
        "node": ">=23.5.0 || ^22.13.0 || ^20.17.0"
      }
    },
    "node_modules/@inquirer/core": {
      "version": "11.2.1",
      "resolved": "https://registry.npmjs.org/@inquirer/core/-/core-11.2.1.tgz",
      "integrity": "sha512-Qd6GJT1yVyrZZCfN8W2qKF5ApmqryXRhRKCuip8h01x2w/esJQ2XIYc6f9abMIHgKQdBfFTSOdbHRLAhuM09UA==",
      "license": "MIT",
      "dependencies": {
        "@inquirer/ansi": "^2.0.7",
        "@inquirer/figures": "^2.0.7",
        "@inquirer/type": "^4.0.7",
        "cli-width": "^4.1.0",
        "fast-wrap-ansi": "^0.2.0",
        "mute-stream": "^3.0.0",
        "signal-exit": "^4.1.0"
      },
      "engines": {
        "node": ">=23.5.0 || ^22.13.0 || ^20.17.0"
      },
      "peerDependencies": {
        "@types/node": ">=18"
      },
      "peerDependenciesMeta": {
        "@types/node": {
          "optional": true
        }
      }
    },
    "node_modules/@inquirer/figures": {
      "version": "2.0.7",
      "resolved": "https://registry.npmjs.org/@inquirer/figures/-/figures-2.0.7.tgz",
      "integrity": "sha512-aJ8TBPOGB6f/2qziPfElISTCEd5XOYTFckA2SGjhNmiKzfK/u4ot3v0DUzGVdUnKjN10EqnnEPck36BkyfLnJw==",
      "license": "MIT",
      "engines": {
        "node": ">=23.5.0 || ^22.13.0 || ^20.17.0"
      }
    },
    "node_modules/@inquirer/password": {
      "version": "5.1.1",
      "resolved": "https://registry.npmjs.org/@inquirer/password/-/password-5.1.1.tgz",
      "integrity": "sha512-3XBfF7DAsp5qeDsvN5Rd1HmbNokVvEQoUM0QLrRcybC9nX96w3Pbmu7qUsb3IT3J3jBvs2+mTXaKHOUsgHMLzg==",
      "license": "MIT",
      "dependencies": {
        "@inquirer/ansi": "^2.0.7",
        "@inquirer/core": "^11.2.1",
        "@inquirer/type": "^4.0.7"
      },
      "engines": {
        "node": ">=23.5.0 || ^22.13.0 || ^20.17.0"
      },
      "peerDependencies": {
        "@types/node": ">=18"
      },
      "peerDependenciesMeta": {
        "@types/node": {
          "optional": true
        }
      }
    },
    "node_modules/@inquirer/type": {
      "version": "4.0.7",
      "resolved": "https://registry.npmjs.org/@inquirer/type/-/type-4.0.7.tgz",
      "integrity": "sha512-t28inv14nMQ1PhKpsJPY+kEs/c00qzeCOS2gTNRyTjG5d6qsVA2fItxW4hkvGZ5lvanGLdtCzVIx5dwdRpN1+g==",
      "license": "MIT",
      "engines": {
        "node": ">=23.5.0 || ^22.13.0 || ^20.17.0"
      },
      "peerDependencies": {
        "@types/node": ">=18"
      },
      "peerDependenciesMeta": {
        "@types/node": {
          "optional": true
        }
      }
    },
    "node_modules/@isaacs/fs-minipass": {
      "version": "4.0.1",
      "resolved": "https://registry.npmjs.org/@isaacs/fs-minipass/-/fs-minipass-4.0.1.tgz",
      "integrity": "sha512-wgm9Ehl2jpeqP3zw/7mo3kRHFp5MEDhqAdwy1fTGkHAwnkGOVsgpvQhL8B5n1qlb01jV3n/bI0ZfZp5lWA1k4w==",
      "license": "ISC",
      "dependencies": {
        "minipass": "^7.0.4"
      },
      "engines": {
        "node": ">=18.0.0"
      }
    },
    "node_modules/@optique/core": {
      "version": "1.2.0",
      "resolved": "https://registry.npmjs.org/@optique/core/-/core-1.2.0.tgz",
      "integrity": "sha512-h3gHGe8BCo5iVpOt4CcWCmTnPDYdyys0XqOCCc5ZPA2A2S+GmupMkqYNeI57+SildteuGEgBrGP+MlwRlWdzPA==",
      "funding": [
        "https://github.com/sponsors/dahlia"
      ],
      "license": "MIT",
      "engines": {
        "bun": ">=1.2.0",
        "deno": ">=2.3.0",
        "node": ">=20.0.0"
      }
    },
    "node_modules/@optique/run": {
      "version": "1.2.0",
      "resolved": "https://registry.npmjs.org/@optique/run/-/run-1.2.0.tgz",
      "integrity": "sha512-4H+sJbpKlB0DsFYyJmyTj2atDdF+9j14MbH99zPTK7YGQysWQ4Vo8UR1O91+ssIDUnKkMNoss7zMvaMf6A52Jw==",
      "funding": [
        "https://github.com/sponsors/dahlia"
      ],
      "license": "MIT",
      "dependencies": {
        "@optique/core": "1.2.0"
      },
      "engines": {
        "bun": ">=1.2.0",
        "deno": ">=2.3.0",
        "node": ">=20.0.0"
      }
    },
    "node_modules/@types/node": {
      "version": "24.13.3",
      "resolved": "https://registry.npmjs.org/@types/node/-/node-24.13.3.tgz",
      "integrity": "sha512-Dh8vAsV36ig5wa9OX4pXvMc9D3Veibfw2wix0CUwYODLD8nkj9UsLjASr49nPg+2eKzxhBV+v7L8pXvT4e639Q==",
      "license": "MIT",
      "dependencies": {
        "undici-types": "~7.18.0"
      }
    },
    "node_modules/chownr": {
      "version": "3.0.0",
      "resolved": "https://registry.npmjs.org/chownr/-/chownr-3.0.0.tgz",
      "integrity": "sha512-+IxzY9BZOQd/XuYPRmrvEVjF/nqj5kgT4kEq7VofrDoM1MxoRjEWkrCC3EtLi59TVawxTAn+orJwFQcrqEN1+g==",
      "license": "BlueOak-1.0.0",
      "engines": {
        "node": ">=18"
      }
    },
    "node_modules/cli-width": {
      "version": "4.1.0",
      "resolved": "https://registry.npmjs.org/cli-width/-/cli-width-4.1.0.tgz",
      "integrity": "sha512-ouuZd4/dm2Sw5Gmqy6bGyNNNe1qt9RpmxveLSO7KcgsTnU7RXfsw+/bukWGo1abgBiMAic068rclZsO4IWmmxQ==",
      "license": "ISC",
      "engines": {
        "node": ">= 12"
      }
    },
    "node_modules/env-paths": {
      "version": "4.0.0",
      "resolved": "https://registry.npmjs.org/env-paths/-/env-paths-4.0.0.tgz",
      "integrity": "sha512-pxP8eL2SwwaTRi/KHYwLYXinDs7gL3jxFcBYmEdYfZmZXbaVDvdppd0XBU8qVz03rDfKZMXg1omHCbsJjZrMsw==",
      "license": "MIT",
      "dependencies": {
        "is-safe-filename": "^0.1.0"
      },
      "engines": {
        "node": ">=20"
      },
      "funding": {
        "url": "https://github.com/sponsors/sindresorhus"
      }
    },
    "node_modules/esbuild": {
      "version": "0.28.1",
      "resolved": "https://registry.npmjs.org/esbuild/-/esbuild-0.28.1.tgz",
      "integrity": "sha512-HrJrvZv5ayxBzPfwphOoNzkzOIIlifzk0KJrGK2c8R4+LKpMtpYLQeUdjnwjWv/LZlkH2laZk+4w78pi99D4Vw==",
      "hasInstallScript": true,
      "license": "MIT",
      "bin": {
        "esbuild": "bin/esbuild"
      },
      "engines": {
        "node": ">=18"
      },
      "optionalDependencies": {
        "@esbuild/aix-ppc64": "0.28.1",
        "@esbuild/android-arm": "0.28.1",
        "@esbuild/android-arm64": "0.28.1",
        "@esbuild/android-x64": "0.28.1",
        "@esbuild/darwin-arm64": "0.28.1",
        "@esbuild/darwin-x64": "0.28.1",
        "@esbuild/freebsd-arm64": "0.28.1",
        "@esbuild/freebsd-x64": "0.28.1",
        "@esbuild/linux-arm": "0.28.1",
        "@esbuild/linux-arm64": "0.28.1",
        "@esbuild/linux-ia32": "0.28.1",
        "@esbuild/linux-loong64": "0.28.1",
        "@esbuild/linux-mips64el": "0.28.1",
        "@esbuild/linux-ppc64": "0.28.1",
        "@esbuild/linux-riscv64": "0.28.1",
        "@esbuild/linux-s390x": "0.28.1",
        "@esbuild/linux-x64": "0.28.1",
        "@esbuild/netbsd-arm64": "0.28.1",
        "@esbuild/netbsd-x64": "0.28.1",
        "@esbuild/openbsd-arm64": "0.28.1",
        "@esbuild/openbsd-x64": "0.28.1",
        "@esbuild/openharmony-arm64": "0.28.1",
        "@esbuild/sunos-x64": "0.28.1",
        "@esbuild/win32-arm64": "0.28.1",
        "@esbuild/win32-ia32": "0.28.1",
        "@esbuild/win32-x64": "0.28.1"
      }
    },
    "node_modules/fast-string-truncated-width": {
      "version": "3.0.3",
      "resolved": "https://registry.npmjs.org/fast-string-truncated-width/-/fast-string-truncated-width-3.0.3.tgz",
      "integrity": "sha512-0jjjIEL6+0jag3l2XWWizO64/aZVtpiGE3t0Zgqxv0DPuxiMjvB3M24fCyhZUO4KomJQPj3LTSUnDP3GpdwC0g==",
      "license": "MIT"
    },
    "node_modules/fast-string-width": {
      "version": "3.0.2",
      "resolved": "https://registry.npmjs.org/fast-string-width/-/fast-string-width-3.0.2.tgz",
      "integrity": "sha512-gX8LrtNEI5hq8DVUfRQMbr5lpaS4nMIWV+7XEbXk2b8kiQIizgnlr12B4dA3ZEx3308ze0O4Q1R+cHts8kyUJg==",
      "license": "MIT",
      "dependencies": {
        "fast-string-truncated-width": "^3.0.2"
      }
    },
    "node_modules/fast-wrap-ansi": {
      "version": "0.2.2",
      "resolved": "https://registry.npmjs.org/fast-wrap-ansi/-/fast-wrap-ansi-0.2.2.tgz",
      "integrity": "sha512-7F2Fl+TjRSenLqlU3UjSH0iyqopqoZIu7eZVpEirP2g1GtWa2G/ecEmBdgz31+Mxr+ELclgg6sokpSFIQiZ02Q==",
      "license": "MIT",
      "dependencies": {
        "fast-string-width": "^3.0.2"
      }
    },
    "node_modules/is-safe-filename": {
      "version": "0.1.1",
      "resolved": "https://registry.npmjs.org/is-safe-filename/-/is-safe-filename-0.1.1.tgz",
      "integrity": "sha512-4SrR7AdnY11LHfDKTZY1u6Ga3RuxZdl3YKWWShO5iyuG5h8QS4GD2tOb04peBJ5I7pXbR+CGBNEhTcwK+FzN3g==",
      "license": "MIT",
      "engines": {
        "node": ">=20"
      },
      "funding": {
        "url": "https://github.com/sponsors/sindresorhus"
      }
    },
    "node_modules/minipass": {
      "version": "7.1.3",
      "resolved": "https://registry.npmjs.org/minipass/-/minipass-7.1.3.tgz",
      "integrity": "sha512-tEBHqDnIoM/1rXME1zgka9g6Q2lcoCkxHLuc7ODJ5BxbP5d4c2Z5cGgtXAku59200Cx7diuHTOYfSBD8n6mm8A==",
      "license": "BlueOak-1.0.0",
      "engines": {
        "node": ">=16 || 14 >=14.17"
      }
    },
    "node_modules/minizlib": {
      "version": "3.1.0",
      "resolved": "https://registry.npmjs.org/minizlib/-/minizlib-3.1.0.tgz",
      "integrity": "sha512-KZxYo1BUkWD2TVFLr0MQoM8vUUigWD3LlD83a/75BqC+4qE0Hb1Vo5v1FgcfaNXvfXzr+5EhQ6ing/CaBijTlw==",
      "license": "MIT",
      "dependencies": {
        "minipass": "^7.1.2"
      },
      "engines": {
        "node": ">= 18"
      }
    },
    "node_modules/mute-stream": {
      "version": "3.0.0",
      "resolved": "https://registry.npmjs.org/mute-stream/-/mute-stream-3.0.0.tgz",
      "integrity": "sha512-dkEJPVvun4FryqBmZ5KhDo0K9iDXAwn08tMLDinNdRBNPcYEDiWYysLcc6k3mjTMlbP9KyylvRpd4wFtwrT9rw==",
      "license": "ISC",
      "engines": {
        "node": "^20.17.0 || >=22.9.0"
      }
    },
    "node_modules/oauth4webapi": {
      "version": "3.8.6",
      "resolved": "https://registry.npmjs.org/oauth4webapi/-/oauth4webapi-3.8.6.tgz",
      "integrity": "sha512-iwemM91xz8nryHti2yTmg5fhyEMVOkOXwHNqbvcATjyajb5oQxCQzrNOA6uElRHuMhQQTKUyFKV9y/CNyg25BQ==",
      "license": "MIT",
      "funding": {
        "url": "https://github.com/sponsors/panva"
      }
    },
    "node_modules/prettier": {
      "version": "3.9.6",
      "resolved": "https://registry.npmjs.org/prettier/-/prettier-3.9.6.tgz",
      "integrity": "sha512-OpN0zzVdiaiAhxpuuj5efpIS4sY9j7bY6uR5mnj5yPzGkdkjNKSJeUThPb60Jw29QuAZgA4o+/iB49kFiaBX6g==",
      "dev": true,
      "license": "MIT",
      "bin": {
        "prettier": "bin/prettier.cjs"
      },
      "engines": {
        "node": ">=14"
      },
      "funding": {
        "url": "https://github.com/prettier/prettier?sponsor=1"
      }
    },
    "node_modules/signal-exit": {
      "version": "4.1.0",
      "resolved": "https://registry.npmjs.org/signal-exit/-/signal-exit-4.1.0.tgz",
      "integrity": "sha512-bzyZ1e88w9O1iNJbKnOlvYTrWPDl46O1bG0D3XInv+9tkPrxrN8jUUTiFlDkkmKWgn1M6CfIA13SuGqOa9Korw==",
      "license": "ISC",
      "engines": {
        "node": ">=14"
      },
      "funding": {
        "url": "https://github.com/sponsors/isaacs"
      }
    },
    "node_modules/tar": {
      "version": "7.5.22",
      "resolved": "https://registry.npmjs.org/tar/-/tar-7.5.22.tgz",
      "integrity": "sha512-MFO/QzvtAOmJbkhOaCTvbGcFN9L9b+JunIsDwaKljSOdcLMea3NJ1k9Usz/rjdfSXTq4dfzfeS7W4p4YOAAHeA==",
      "license": "BlueOak-1.0.0",
      "dependencies": {
        "@isaacs/fs-minipass": "^4.0.0",
        "chownr": "^3.0.0",
        "minipass": "^7.1.2",
        "minizlib": "^3.1.0",
        "yallist": "^5.0.0"
      },
      "engines": {
        "node": ">=18"
      }
    },
    "node_modules/typescript": {
      "version": "5.9.3",
      "resolved": "https://registry.npmjs.org/typescript/-/typescript-5.9.3.tgz",
      "integrity": "sha512-jl1vZzPDinLr9eUt3J/t7V6FgNEw9QjvBPdysz9KfQDD41fQrC2Y4vKQdiaUpFT4bXlb1RHhLpp8wtm6M5TgSw==",
      "license": "Apache-2.0",
      "bin": {
        "tsc": "bin/tsc",
        "tsserver": "bin/tsserver"
      },
      "engines": {
        "node": ">=14.17"
      }
    },
    "node_modules/undici-types": {
      "version": "7.18.2",
      "resolved": "https://registry.npmjs.org/undici-types/-/undici-types-7.18.2.tgz",
      "integrity": "sha512-AsuCzffGHJybSaRrmr5eHr81mwJU3kjw6M+uprWvCXiNeN9SOGwQ3Jn8jb8m3Z6izVgknn1R0FTCEAP2QrLY/w==",
      "license": "MIT"
    },
    "node_modules/yallist": {
      "version": "5.0.0",
      "resolved": "https://registry.npmjs.org/yallist/-/yallist-5.0.0.tgz",
      "integrity": "sha512-YgvUTfwqyc7UXVMrB+SImsVYSmTS8X/tSrtdNZMImM+n7+QTriRXyXim0mBrTXNeqzVF0KWGgHPeiyViFFrNDw==",
      "license": "BlueOak-1.0.0",
      "engines": {
        "node": ">=18"
      }
    },
    "node_modules/zod": {
      "version": "4.4.3",
      "resolved": "https://registry.npmjs.org/zod/-/zod-4.4.3.tgz",
      "integrity": "sha512-ytENFjIJFl2UwYglde2jchW2Hwm4GJFLDiSXWdTrJQBIN9Fcyp7n4DhxJEiWNAJMV1/BqWfW/kkg71UDcHJyTQ==",
      "license": "MIT",
      "funding": {
        "url": "https://github.com/sponsors/colinhacks"
      }
    }
  }
}
